
Microsoft Visual Studio Solution File, Format Version 12.00
# Visual Studio 2012
Project("{FAE04EC0-301F-11D3-BF4B-00C04F79EFBC}") = "Gateway", "Gateway.csproj", "{1AD9758C-57BC-46C9-BC4F-23D5CB34BB5D}"
EndProject
Project("{FAE04EC0-301F-11D3-BF4B-00C04F79EFBC}") = "Test", "Test\Test.csproj", "{046D7E24-2A8E-4BB6-B4C2-15F57820DBD4}"
EndProject
Project("{FAE04EC0-301F-11D3-BF4B-00C04F79EFBC}") = "Protocal", "Protocal\Protocal.csproj", "{4F061E4E-26C3-48D6-88BF-31773A042F9A}"
EndProject
Global
	GlobalSection(SolutionConfigurationPlatforms) = preSolution
		Debug|Any CPU = Debug|Any CPU
		Release|Any CPU = Release|Any CPU
	EndGlobalSection
	GlobalSection(ProjectConfigurationPlatforms) = postSolution
		{1AD9758C-57BC-46C9-BC4F-23D5CB34BB5D}.Debug|Any CPU.ActiveCfg = Debug|Any CPU
		{1AD9758C-57BC-46C9-BC4F-23D5CB34BB5D}.Debug|Any CPU.Build.0 = Debug|Any CPU
		{1AD9758C-57BC-46C9-BC4F-23D5CB34BB5D}.Release|Any CPU.ActiveCfg = Release|Any CPU
		{1AD9758C-57BC-46C9-BC4F-23D5CB34BB5D}.Release|Any CPU.Build.0 = Release|Any CPU
		{046D7E24-2A8E-4BB6-B4C2-15F57820DBD4}.Debug|Any CPU.ActiveCfg = Debug|Any CPU
		{046D7E24-2A8E-4BB6-B4C2-15F57820DBD4}.Debug|Any CPU.Build.0 = Debug|Any CPU
		{046D7E24-2A8E-4BB6-B4C2-15F57820DBD4}.Release|Any CPU.ActiveCfg = Release|Any CPU
		{046D7E24-2A8E-4BB6-B4C2-15F57820DBD4}.Release|Any CPU.Build.0 = Release|Any CPU
		{4F061E4E-26C3-48D6-88BF-31773A042F9A}.Debug|Any CPU.ActiveCfg = Debug|Any CPU
		{4F061E4E-26C3-48D6-88BF-31773A042F9A}.Debug|Any CPU.Build.0 = Debug|Any CPU
		{4F061E4E-26C3-48D6-88BF-31773A042F9A}.Release|Any CPU.ActiveCfg = Release|Any CPU
		{4F061E4E-26C3-48D6-88BF-31773A042F9A}.Release|Any CPU.Build.0 = Release|Any CPU
	EndGlobalSection
	GlobalSection(SolutionProperties) = preSolution
		HideSolutionNode = FALSE
	EndGlobalSection
EndGlobal
